name: Check uv.lock

on:
  pull_request:
    paths:
      - "src/python/pyproject.toml"
      - "src/python/uv.lock"
  push:
    paths:
      - "src/python/pyproject.toml"
      - "src/python/uv.lock"

jobs:
  check-lock:
    runs-on: ubuntu-latest
    timeout-minutes: 15
    permissions:
      contents: read
    steps:
      - uses: actions/checkout@v4

      - name: Install uv
        uses: astral-sh/setup-uv@v5
        with:
          enable-cache: true

      - name: Check uv.lock is up to date
        run: uv lock --check
        working-directory: ./src/python
